// !$*UTF8*$!
{
	archiveVersion = 1;
	classes = {
	};
	objectVersion = 46;
	objects = {

/* Begin PBXBuildFile section */
		80FBFAEE1B383F0B0050AD95 /* AppDelegate.swift in Sources */ = {isa = PBXBuildFile; fileRef = 80FBFAED1B383F0B0050AD95 /* AppDelegate.swift */; };
		80FBFAF01B383F0B0050AD95 /* ViewController.swift in Sources */ = {isa = PBXBuildFile; fileRef = 80FBFAEF1B383F0B0050AD95 /* ViewController.swift */; };
		80FBFAF31B383F0B0050AD95 /* Main.storyboard in Resources */ = {isa = PBXBuildFile; fileRef = 80FBFAF11B383F0B0050AD95 /* Main.storyboard */; };
		80FBFAF51B383F0B0050AD95 /* Images.xcassets in Resources */ = {isa = PBXBuildFile; fileRef = 80FBFAF41B383F0B0050AD95 /* Images.xcassets */; };
		80FBFAF81B383F0B0050AD95 /* LaunchScreen.xib in Resources */ = {isa = PBXBuildFile; fileRef = 80FBFAF61B383F0B0050AD95 /* LaunchScreen.xib */; };
		80FBFB041B383F0B0050AD95 /* SaturnTests.swift in Sources */ = {isa = PBXBuildFile; fileRef = 80FBFB031B383F0B0050AD95 /* SaturnTests.swift */; };
		D50B87901B3993DF0059F0AF /* Bolts.framework in Frameworks */ = {isa = PBXBuildFile; fileRef = D50B878E1B3993DF0059F0AF /* Bolts.framework */; };
		D50B87911B3993DF0059F0AF /* Parse.framework in Frameworks */ = {isa = PBXBuildFile; fileRef = D50B878F1B3993DF0059F0AF /* Parse.framework */; };
		D50B87931B3993F80059F0AF /* AudioToolbox.framework in Frameworks */ = {isa = PBXBuildFile; fileRef = D50B87921B3993F80059F0AF /* AudioToolbox.framework */; };
		D50B87951B3993FD0059F0AF /* CFNetwork.framework in Frameworks */ = {isa = PBXBuildFile; fileRef = D50B87941B3993FD0059F0AF /* CFNetwork.framework */; };
		D50B87971B3994020059F0AF /* CoreGraphics.framework in Frameworks */ = {isa = PBXBuildFile; fileRef = D50B87961B3994020059F0AF /* CoreGraphics.framework */; };
		D50B87991B3994070059F0AF /* CoreLocation.framework in Frameworks */ = {isa = PBXBuildFile; fileRef = D50B87981B3994070059F0AF /* CoreLocation.framework */; };
		D50B879B1B39940D0059F0AF /* MobileCoreServices.framework in Frameworks */ = {isa = PBXBuildFile; fileRef = D50B879A1B39940D0059F0AF /* MobileCoreServices.framework */; };
		D50B879D1B3994130059F0AF /* QuartzCore.framework in Frameworks */ = {isa = PBXBuildFile; fileRef = D50B879C1B3994130059F0AF /* QuartzCore.framework */; };
		D50B879F1B3994180059F0AF /* Security.framework in Frameworks */ = {isa = PBXBuildFile; fileRef = D50B879E1B3994180059F0AF /* Security.framework */; };
		D50B87A11B39941D0059F0AF /* StoreKit.framework in Frameworks */ = {isa = PBXBuildFile; fileRef = D50B87A01B39941D0059F0AF /* StoreKit.framework */; };
		D50B87A31B3994220059F0AF /* SystemConfiguration.framework in Frameworks */ = {isa = PBXBuildFile; fileRef = D50B87A21B3994220059F0AF /* SystemConfiguration.framework */; };
		D50B87A51B3994280059F0AF /* libz.dylib in Frameworks */ = {isa = PBXBuildFile; fileRef = D50B87A41B3994280059F0AF /* libz.dylib */; };
		D50B87A71B3994310059F0AF /* libsqlite3.dylib in Frameworks */ = {isa = PBXBuildFile; fileRef = D50B87A61B3994310059F0AF /* libsqlite3.dylib */; };
/* End PBXBuildFile section */

/* Begin PBXContainerItemProxy section */
		80FBFAFE1B383F0B0050AD95 /* PBXContainerItemProxy */ = {
			isa = PBXContainerItemProxy;
			containerPortal = 80FBFAE01B383F0B0050AD95 /* Project object */;
			proxyType = 1;
			remoteGlobalIDString = 80FBFAE71B383F0B0050AD95;
			remoteInfo = Saturn;
		};
/* End PBXContainerItemProxy section */

/* Begin PBXFileReference section */
		80FBFAE81B383F0B0050AD95 /* Saturn.app */ = {isa = PBXFileReference; explicitFileType = wrapper.application; includeInIndex = 0; path = Saturn.app; sourceTree = BUILT_PRODUCTS_DIR; };
		80FBFAEC1B383F0B0050AD95 /* Info.plist */ = {isa = PBXFileReference; lastKnownFileType = text.plist.xml; path = Info.plist; sourceTree = "<group>"; };
		80FBFAED1B383F0B0050AD95 /* AppDelegate.swift */ = {isa = PBXFileReference; lastKnownFileType = sourcecode.swift; path = AppDelegate.swift; sourceTree = "<group>"; };
		80FBFAEF1B383F0B0050AD95 /* ViewController.swift */ = {isa = PBXFileReference; lastKnownFileType = sourcecode.swift; path = ViewController.swift; sourceTree = "<group>"; };
		80FBFAF21B383F0B0050AD95 /* Base */ = {isa = PBXFileReference; lastKnownFileType = file.storyboard; name = Base; path = Base.lproj/Main.storyboard; sourceTree = "<group>"; };
		80FBFAF41B383F0B0050AD95 /* Images.xcassets */ = {isa = PBXFileReference; lastKnownFileType = folder.assetcatalog; path = Images.xcassets; sourceTree = "<group>"; };
		80FBFAF71B383F0B0050AD95 /* Base */ = {isa = PBXFileReference; lastKnownFileType = file.xib; name = Base; path = Base.lproj/LaunchScreen.xib; sourceTree = "<group>"; };
		80FBFAFD1B383F0B0050AD95 /* SaturnTests.xctest */ = {isa = PBXFileReference; explicitFileType = wrapper.cfbundle; includeInIndex = 0; path = SaturnTests.xctest; sourceTree = BUILT_PRODUCTS_DIR; };
		80FBFB021B383F0B0050AD95 /* Info.plist */ = {isa = PBXFileReference; lastKnownFileType = text.plist.xml; path = Info.plist; sourceTree = "<group>"; };
		80FBFB031B383F0B0050AD95 /* SaturnTests.swift */ = {isa = PBXFileReference; lastKnownFileType = sourcecode.swift; path = SaturnTests.swift; sourceTree = "<group>"; };
		D50B878E1B3993DF0059F0AF /* Bolts.framework */ = {isa = PBXFileReference; lastKnownFileType = wrapper.framework; path = Bolts.framework; sourceTree = "<group>"; };
		D50B878F1B3993DF0059F0AF /* Parse.framework */ = {isa = PBXFileReference; lastKnownFileType = wrapper.framework; path = Parse.framework; sourceTree = "<group>"; };
		D50B87921B3993F80059F0AF /* AudioToolbox.framework */ = {isa = PBXFileReference; lastKnownFileType = wrapper.framework; name = AudioToolbox.framework; path = System/Library/Frameworks/AudioToolbox.framework; sourceTree = SDKROOT; };
		D50B87941B3993FD0059F0AF /* CFNetwork.framework */ = {isa = PBXFileReference; lastKnownFileType = wrapper.framework; name = CFNetwork.framework; path = System/Library/Frameworks/CFNetwork.framework; sourceTree = SDKROOT; };
		D50B87961B3994020059F0AF /* CoreGraphics.framework */ = {isa = PBXFileReference; lastKnownFileType = wrapper.framework; name = CoreGraphics.framework; path = System/Library/Frameworks/CoreGraphics.framework; sourceTree = SDKROOT; };
		D50B87981B3994070059F0AF /* CoreLocation.framework */ = {isa = PBXFileReference; lastKnownFileType = wrapper.framework; name = CoreLocation.framework; path = System/Library/Frameworks/CoreLocation.framework; sourceTree = SDKROOT; };
		D50B879A1B39940D0059F0AF /* MobileCoreServices.framework */ = {isa = PBXFileReference; lastKnownFileType = wrapper.framework; name = MobileCoreServices.framework; path = System/Library/Frameworks/MobileCoreServices.framework; sourceTree = SDKROOT; };
		D50B879C1B3994130059F0AF /* QuartzCore.framework */ = {isa = PBXFileReference; lastKnownFileType = wrapper.framework; name = QuartzCore.framework; path = System/Library/Frameworks/QuartzCore.framework; sourceTree = SDKROOT; };
		D50B879E1B3994180059F0AF /* Security.framework */ = {isa = PBXFileReference; lastKnownFileType = wrapper.framework; name = Security.framework; path = System/Library/Frameworks/Security.framework; sourceTree = SDKROOT; };
		D50B87A01B39941D0059F0AF /* StoreKit.framework */ = {isa = PBXFileReference; lastKnownFileType = wrapper.framework; name = StoreKit.framework; path = System/Library/Frameworks/StoreKit.framework; sourceTree = SDKROOT; };
		D50B87A21B3994220059F0AF /* SystemConfiguration.framework */ = {isa = PBXFileReference; lastKnownFileType = wrapper.framework; name = SystemConfiguration.framework; path = System/Library/Frameworks/SystemConfiguration.framework; sourceTree = SDKROOT; };
		D50B87A41B3994280059F0AF /* libz.dylib */ = {isa = PBXFileReference; lastKnownFileType = "compiled.mach-o.dylib"; name = libz.dylib; path = usr/lib/libz.dylib; sourceTree = SDKROOT; };
		D50B87A61B3994310059F0AF /* libsqlite3.dylib */ = {isa = PBXFileReference; lastKnownFileType = "compiled.mach-o.dylib"; name = libsqlite3.dylib; path = usr/lib/libsqlite3.dylib; sourceTree = SDKROOT; };
/* End PBXFileReference section */

/* Begin PBXFrameworksBuildPhase section */
		80FBFAE51B383F0B0050AD95 /* Frameworks */ = {
			isa = PBXFrameworksBuildPhase;
			buildActionMask = 2147483647;
			files = (
				D50B87A71B3994310059F0AF /* libsqlite3.dylib in Frameworks */,
				D50B87A51B3994280059F0AF /* libz.dylib in Frameworks */,
				D50B87A31B3994220059F0AF /* SystemConfiguration.framework in Frameworks */,
				D50B87A11B39941D0059F0AF /* StoreKit.framework in Frameworks */,
				D50B879F1B3994180059F0AF /* Security.framework in Frameworks */,
				D50B879D1B3994130059F0AF /* QuartzCore.framework in Frameworks */,
				D50B879B1B39940D0059F0AF /* MobileCoreServices.framework in Frameworks */,
				D50B87991B3994070059F0AF /* CoreLocation.framework in Frameworks */,
				D50B87971B3994020059F0AF /* CoreGraphics.framework in Frameworks */,
				D50B87951B3993FD0059F0AF /* CFNetwork.framework in Frameworks */,
				D50B87931B3993F80059F0AF /* AudioToolbox.framework in Frameworks */,
				D50B87911B3993DF0059F0AF /* Parse.framework in Frameworks */,
				D50B87901B3993DF0059F0AF /* Bolts.framework in Frameworks */,
			);
			runOnlyForDeploymentPostprocessing = 0;
		};
		80FBFAFA1B383F0B0050AD95 /* Frameworks */ = {
			isa = PBXFrameworksBuildPhase;
			buildActionMask = 2147483647;
			files = (
			);
			runOnlyForDeploymentPostprocessing = 0;
		};
/* End PBXFrameworksBuildPhase section */

/* Begin PBXGroup section */
		80FBFADF1B383F0B0050AD95 = {
			isa = PBXGroup;
			children = (
				80FBFAEA1B383F0B0050AD95 /* Saturn */,
				80FBFB001B383F0B0050AD95 /* SaturnTests */,
				80FBFAE91B383F0B0050AD95 /* Products */,
			);
			sourceTree = "<group>";
		};
		80FBFAE91B383F0B0050AD95 /* Products */ = {
			isa = PBXGroup;
			children = (
				80FBFAE81B383F0B0050AD95 /* Saturn.app */,
				80FBFAFD1B383F0B0050AD95 /* SaturnTests.xctest */,
			);
			name = Products;
			sourceTree = "<group>";
		};
		80FBFAEA1B383F0B0050AD95 /* Saturn */ = {
			isa = PBXGroup;
			children = (
				D5A949CC1B39934F00E81E71 /* Framework */,
				80FBFAED1B383F0B0050AD95 /* AppDelegate.swift */,
				80FBFAEF1B383F0B0050AD95 /* ViewController.swift */,
				80FBFAF11B383F0B0050AD95 /* Main.storyboard */,
				80FBFAF41B383F0B0050AD95 /* Images.xcassets */,
				80FBFAF61B383F0B0050AD95 /* LaunchScreen.xib */,
				80FBFAEB1B383F0B0050AD95 /* Supporting Files */,
			);
			path = Saturn;
			sourceTree = "<group>";
		};
		80FBFAEB1B383F0B0050AD95 /* Supporting Files */ = {
			isa = PBXGroup;
			children = (
				80FBFAEC1B383F0B0050AD95 /* Info.plist */,
			);
			name = "Supporting Files";
			sourceTree = "<group>";
		};
		80FBFB001B383F0B0050AD95 /* SaturnTests */ = {
			isa = PBXGroup;
			children = (
				80FBFB031B383F0B0050AD95 /* SaturnTests.swift */,
				80FBFB011B383F0B0050AD95 /* Supporting Files */,
			);
			path = SaturnTests;
			sourceTree = "<group>";
		};
		80FBFB011B383F0B0050AD95 /* Supporting Files */ = {
			isa = PBXGroup;
			children = (
				80FBFB021B383F0B0050AD95 /* Info.plist */,
			);
			name = "Supporting Files";
			sourceTree = "<group>";
		};
		D5A949CC1B39934F00E81E71 /* Framework */ = {
			isa = PBXGroup;
			children = (
				D50B87A61B3994310059F0AF /* libsqlite3.dylib */,
				D50B87A41B3994280059F0AF /* libz.dylib */,
				D50B87A21B3994220059F0AF /* SystemConfiguration.framework */,
				D50B87A01B39941D0059F0AF /* StoreKit.framework */,
				D50B879E1B3994180059F0AF /* Security.framework */,
				D50B879C1B3994130059F0AF /* QuartzCore.framework */,
				D50B879A1B39940D0059F0AF /* MobileCoreServices.framework */,
				D50B87981B3994070059F0AF /* CoreLocation.framework */,
				D50B87961B3994020059F0AF /* CoreGraphics.framework */,
				D50B87941B3993FD0059F0AF /* CFNetwork.framework */,
				D50B87921B3993F80059F0AF /* AudioToolbox.framework */,
				D50B878E1B3993DF0059F0AF /* Bolts.framework */,
				D50B878F1B3993DF0059F0AF /* Parse.framework */,
			);
			name = Framework;
			sourceTree = "<group>";
		};
/* End PBXGroup section */

/* Begin PBXNativeTarget section */
		80FBFAE71B383F0B0050AD95 /* Saturn */ = {
			isa = PBXNativeTarget;
			buildConfigurationList = 80FBFB071B383F0B0050AD95 /* Build configuration list for PBXNativeTarget "Saturn" */;
			buildPhases = (
				80FBFAE41B383F0B0050AD95 /* Sources */,
				80FBFAE51B383F0B0050AD95 /* Frameworks */,
				80FBFAE61B383F0B0050AD95 /* Resources */,
			);
			buildRules = (
			);
			dependencies = (
			);
			name = Saturn;
			productName = Saturn;
			productReference = 80FBFAE81B383F0B0050AD95 /* Saturn.app */;
			productType = "com.apple.product-type.application";
		};
		80FBFAFC1B383F0B0050AD95 /* SaturnTests */ = {
			isa = PBXNativeTarget;
			buildConfigurationList = 80FBFB0A1B383F0C0050AD95 /* Build configuration list for PBXNativeTarget "SaturnTests" */;
			buildPhases = (
				80FBFAF91B383F0B0050AD95 /* Sources */,
				80FBFAFA1B383F0B0050AD95 /* Frameworks */,
				80FBFAFB1B383F0B0050AD95 /* Resources */,
			);
			buildRules = (
			);
			dependencies = (
				80FBFAFF1B383F0B0050AD95 /* PBXTargetDependency */,
			);
			name = SaturnTests;
			productName = SaturnTests;
			productReference = 80FBFAFD1B383F0B0050AD95 /* SaturnTests.xctest */;
			productType = "com.apple.product-type.bundle.unit-test";
		};
/* End PBXNativeTarget section */

/* Begin PBXProject section */
		80FBFAE01B383F0B0050AD95 /* Project object */ = {
			isa = PBXProject;
			attributes = {
				LastUpgradeCheck = 0630;
				ORGANIZATIONNAME = Saturn;
				TargetAttributes = {
					80FBFAE71B383F0B0050AD95 = {
						CreatedOnToolsVersion = 6.3;
					};
					80FBFAFC1B383F0B0050AD95 = {
						CreatedOnToolsVersion = 6.3;
						TestTargetID = 80FBFAE71B383F0B0050AD95;
					};
				};
			};
			buildConfigurationList = 80FBFAE31B383F0B0050AD95 /* Build configuration list for PBXProject "Saturn" */;
			compatibilityVersion = "Xcode 3.2";
			developmentRegion = English;
			hasScannedForEncodings = 0;
			knownRegions = (
				en,
				Base,
			);
			mainGroup = 80FBFADF1B383F0B0050AD95;
			productRefGroup = 80FBFAE91B383F0B0050AD95 /* Products */;
			projectDirPath = "";
			projectRoot = "";
			targets = (
				80FBFAE71B383F0B0050AD95 /* Saturn */,
				80FBFAFC1B383F0B0050AD95 /* SaturnTests */,
			);
		};
/* End PBXProject section */

/* Begin PBXResourcesBuildPhase section */
		80FBFAE61B383F0B0050AD95 /* Resources */ = {
			isa = PBXResourcesBuildPhase;
			buildActionMask = 2147483647;
			files = (
				80FBFAF31B383F0B0050AD95 /* Main.storyboard in Resources */,
				80FBFAF81B383F0B0050AD95 /* LaunchScreen.xib in Resources */,
				80FBFAF51B383F0B0050AD95 /* Images.xcassets in Resources */,
			);
			runOnlyForDeploymentPostprocessing = 0;
		};
		80FBFAFB1B383F0B0050AD95 /* Resources */ = {
			isa = PBXResourcesBuildPhase;
			buildActionMask = 2147483647;
			files = (
			);
			runOnlyForDeploymentPostprocessing = 0;
		};
/* End PBXResourcesBuildPhase section */

/* Begin PBXSourcesBuildPhase section */
		80FBFAE41B383F0B0050AD95 /* Sources */ = {
			isa = PBXSourcesBuildPhase;
			buildActionMask = 2147483647;
			files = (
				80FBFAF01B383F0B0050AD95 /* ViewController.swift in Sources */,
				80FBFAEE1B383F0B0050AD95 /* AppDelegate.swift in Sources */,
			);
			runOnlyForDeploymentPostprocessing = 0;
		};
		80FBFAF91B383F0B0050AD95 /* Sources */ = {
			isa = PBXSourcesBuildPhase;
			buildActionMask = 2147483647;
			files = (
				80FBFB041B383F0B0050AD95 /* SaturnTests.swift in Sources */,
			);
			runOnlyForDeploymentPostprocessing = 0;
		};
/* End PBXSourcesBuildPhase section */

/* Begin PBXTargetDependency section */
		80FBFAFF1B383F0B0050AD95 /* PBXTargetDependency */ = {
			isa = PBXTargetDependency;
			target = 80FBFAE71B383F0B0050AD95 /* Saturn */;
			targetProxy = 80FBFAFE1B383F0B0050AD95 /* PBXContainerItemProxy */;
		};
/* End PBXTargetDependency section */

/* Begin PBXVariantGroup section */
		80FBFAF11B383F0B0050AD95 /* Main.storyboard */ = {
			isa = PBXVariantGroup;
			children = (
				80FBFAF21B383F0B0050AD95 /* Base */,
			);
			name = Main.storyboard;
			sourceTree = "<group>";
		};
		80FBFAF61B383F0B0050AD95 /* LaunchScreen.xib */ = {
			isa = PBXVariantGroup;
			children = (
				80FBFAF71B383F0B0050AD95 /* Base */,
			);
			name = LaunchScreen.xib;
			sourceTree = "<group>";
		};
/* End PBXVariantGroup section */

/* Begin XCBuildConfiguration section */
		80FBFB051B383F0B0050AD95 /* Debug */ = {
			isa = XCBuildConfiguration;
			buildSettings = {
				ALWAYS_SEARCH_USER_PATHS = NO;
				CLANG_CXX_LANGUAGE_STANDARD = "gnu++0x";
				CLANG_CXX_LIBRARY = "libc++";
				CLANG_ENABLE_MODULES = YES;
				CLANG_ENABLE_OBJC_ARC = YES;
				CLANG_WARN_BOOL_CONVERSION = YES;
				CLANG_WARN_CONSTANT_CONVERSION = YES;
				CLANG_WARN_DIRECT_OBJC_ISA_USAGE = YES_ERROR;
				CLANG_WARN_EMPTY_BODY = YES;
				CLANG_WARN_ENUM_CONVERSION = YES;
				CLANG_WARN_INT_CONVERSION = YES;
				CLANG_WARN_OBJC_ROOT_CLASS = YES_ERROR;
				CLANG_WARN_UNREACHABLE_CODE = YES;
				CLANG_WARN__DUPLICATE_METHOD_MATCH = YES;
				"CODE_SIGN_IDENTITY[sdk=iphoneos*]" = "iPhone Developer";
				COPY_PHASE_STRIP = NO;
				DEBUG_INFORMATION_FORMAT = "dwarf-with-dsym";
				ENABLE_STRICT_OBJC_MSGSEND = YES;
				GCC_C_LANGUAGE_STANDARD = gnu99;
				GCC_DYNAMIC_NO_PIC = NO;
				GCC_NO_COMMON_BLOCKS = YES;
				GCC_OPTIMIZATION_LEVEL = 0;
				GCC_PREPROCESSOR_DEFINITIONS = (
					"DEBUG=1",
					"$(inherited)",
				);
				GCC_SYMBOLS_PRIVATE_EXTERN = NO;
				GCC_WARN_64_TO_32_BIT_CONVERSION = YES;
				GCC_WARN_ABOUT_RETURN_TYPE = YES_ERROR;
				GCC_WARN_UNDECLARED_SELECTOR = YES;
				GCC_WARN_UNINITIALIZED_AUTOS = YES_AGGRESSIVE;
				GCC_WARN_UNUSED_FUNCTION = YES;
				GCC_WARN_UNUSED_VARIABLE = YES;
				IPHONEOS_DEPLOYMENT_TARGET = 8.3;
				MTL_ENABLE_DEBUG_INFO = YES;
				ONLY_ACTIVE_ARCH = YES;
				SDKROOT = iphoneos;
				SWIFT_OPTIMIZATION_LEVEL = "-Onone";
				TARGETED_DEVICE_FAMILY = "1,2";
			};
			name = Debug;
		};
		80FBFB061B383F0B0050AD95 /* Release */ = {
			isa = XCBuildConfiguration;
			buildSettings = {
				ALWAYS_SEARCH_USER_PATHS = NO;
				CLANG_CXX_LANGUAGE_STANDARD = "gnu++0x";
				CLANG_CXX_LIBRARY = "libc++";
				CLANG_ENABLE_MODULES = YES;
				CLANG_ENABLE_OBJC_ARC = YES;
				CLANG_WARN_BOOL_CONVERSION = YES;
				CLANG_WARN_CONSTANT_CONVERSION = YES;
				CLANG_WARN_DIRECT_OBJC_ISA_USAGE = YES_ERROR;
				CLANG_WARN_EMPTY_BODY = YES;
				CLANG_WARN_ENUM_CONVERSION = YES;
				CLANG_WARN_INT_CONVERSION = YES;
				CLANG_WARN_OBJC_ROOT_CLASS = YES_ERROR;
				CLANG_WARN_UNREACHABLE_CODE = YES;
				CLANG_WARN__DUPLICATE_METHOD_MATCH = YES;
				"CODE_SIGN_IDENTITY[sdk=iphoneos*]" = "iPhone Developer";
				COPY_PHASE_STRIP = NO;
				DEBUG_INFORMATION_FORMAT = "dwarf-with-dsym";
				ENABLE_NS_ASSERTIONS = NO;
				ENABLE_STRICT_OBJC_MSGSEND = YES;
				GCC_C_LANGUAGE_STANDARD = gnu99;
				GCC_NO_COMMON_BLOCKS = YES;
				GCC_WARN_64_TO_32_BIT_CONVERSION = YES;
				GCC_WARN_ABOUT_RETURN_TYPE = YES_ERROR;
				GCC_WARN_UNDECLARED_SELECTOR = YES;
				GCC_WARN_UNINITIALIZED_AUTOS = YES_AGGRESSIVE;
				GCC_WARN_UNUSED_FUNCTION = YES;
				GCC_WARN_UNUSED_VARIABLE = YES;
				IPHONEOS_DEPLOYMENT_TARGET = 8.3;
				MTL_ENABLE_DEBUG_INFO = NO;
				SDKROOT = iphoneos;
				TARGETED_DEVICE_FAMILY = "1,2";
				VALIDATE_PRODUCT = YES;
			};
			name = Release;
		};
		80FBFB081B383F0B0050AD95 /* Debug */ = {
			isa = XCBuildConfiguration;
			buildSettings = {
				ASSETCATALOG_COMPILER_APPICON_NAME = AppIcon;
				FRAMEWORK_SEARCH_PATHS = (
					"$(inherited)",
					"$(PROJECT_DIR)/Saturn",
				);
				INFOPLIST_FILE = Saturn/Info.plist;
				LD_RUNPATH_SEARCH_PATHS = "$(inherited) @executable_path/Frameworks";
				PRODUCT_NAME = "$(TARGET_NAME)";
			};
			name = Debug;
		};
		80FBFB091B383F0B0050AD95 /* Release */ = {
			isa = XCBuildConfiguration;
			buildSettings = {
				ASSETCATALOG_COMPILER_APPICON_NAME = AppIcon;
				FRAMEWORK_SEARCH_PATHS = (
					"$(inherited)",
					"$(PROJECT_DIR)/Saturn",
				);
				INFOPLIST_FILE = Saturn/Info.plist;
				LD_RUNPATH_SEARCH_PATHS = "$(inherited) @executable_path/Frameworks";
				PRODUCT_NAME = "$(TARGET_NAME)";
			};
			name = Release;
		};
		80FBFB0B1B383F0C0050AD95 /* Debug */ = {
			isa = XCBuildConfiguration;
			buildSettings = {
				BUNDLE_LOADER = "$(TEST_HOST)";
				FRAMEWORK_SEARCH_PATHS = (
					"$(SDKROOT)/Developer/Library/Frameworks",
					"$(inherited)",
				);
				GCC_PREPROCESSOR_DEFINITIONS = (
					"DEBUG=1",
					"$(inherited)",
				);
				INFOPLIST_FILE = SaturnTests/Info.plist;
				LD_RUNPATH_SEARCH_PATHS = "$(inherited) @executable_path/Frameworks @loader_path/Frameworks";
				PRODUCT_NAME = "$(TARGET_NAME)";
				TEST_HOST = "$(BUILT_PRODUCTS_DIR)/Saturn.app/Saturn";
			};
			name = Debug;
		};
		80FBFB0C1B383F0C0050AD95 /* Release */ = {
			isa = XCBuildConfiguration;
			buildSettings = {
				BUNDLE_LOADER = "$(TEST_HOST)";
				FRAMEWORK_SEARCH_PATHS = (
					"$(SDKROOT)/Developer/Library/Frameworks",
					"$(inherited)",
				);
				INFOPLIST_FILE = SaturnTests/Info.plist;
				LD_RUNPATH_SEARCH_PATHS = "$(inherited) @executable_path/Frameworks @loader_path/Frameworks";
				PRODUCT_NAME = "$(TARGET_NAME)";
				TEST_HOST = "$(BUILT_PRODUCTS_DIR)/Saturn.app/Saturn";
			};
			name = Release;
		};
/* End XCBuildConfiguration section */

/* Begin XCConfigurationList section */
		80FBFAE31B383F0B0050AD95 /* Build configuration list for PBXProject "Saturn" */ = {
			isa = XCConfigurationList;
			buildConfigurations = (
				80FBFB051B383F0B0050AD95 /* Debug */,
				80FBFB061B383F0B0050AD95 /* Release */,
			);
			defaultConfigurationIsVisible = 0;
			defaultConfigurationName = Release;
		};
		80FBFB071B383F0B0050AD95 /* Build configuration list for PBXNativeTarget "Saturn" */ = {
			isa = XCConfigurationList;
			buildConfigurations = (
				80FBFB081B383F0B0050AD95 /* Debug */,
				80FBFB091B383F0B0050AD95 /* Release */,
			);
			defaultConfigurationIsVisible = 0;
			defaultConfigurationName = Release;
		};
		80FBFB0A1B383F0C0050AD95 /* Build configuration list for PBXNativeTarget "SaturnTests" */ = {
			isa = XCConfigurationList;
			buildConfigurations = (
				80FBFB0B1B383F0C0050AD95 /* Debug */,
				80FBFB0C1B383F0C0050AD95 /* Release */,
			);
			defaultConfigurationIsVisible = 0;
			defaultConfigurationName = Release;
		};
/* End XCConfigurationList section */
	};
	rootObject = 80FBFAE01B383F0B0050AD95 /* Project object */;
}
