// !$*UTF8*$!
{
	archiveVersion = 1;
	classes = {
	};
	objectVersion = 46;
	objects = {

/* Begin PBXBuildFile section */
		80CC90721B4167A000FA4096 /* DetailViewController.swift in Sources */ = {isa = PBXBuildFile; fileRef = 80CC90711B4167A000FA4096 /* DetailViewController.swift */; };
		80CC90741B4178BD00FA4096 /* SlideMenuController.swift in Sources */ = {isa = PBXBuildFile; fileRef = 80CC90731B4178BC00FA4096 /* SlideMenuController.swift */; };
		80CC90761B417A9A00FA4096 /* MenuViewController.swift in Sources */ = {isa = PBXBuildFile; fileRef = 80CC90751B417A9A00FA4096 /* MenuViewController.swift */; };
		80D106521B42B6D10095C87C /* MenuTableViewCell.swift in Sources */ = {isa = PBXBuildFile; fileRef = 80D106511B42B6D10095C87C /* MenuTableViewCell.swift */; };
		80E272861B3D8DB300ABA11C /* SensorsTableViewCell.swift in Sources */ = {isa = PBXBuildFile; fileRef = 80E272851B3D8DB300ABA11C /* SensorsTableViewCell.swift */; };
		80FBFAEE1B383F0B0050AD95 /* AppDelegate.swift in Sources */ = {isa = PBXBuildFile; fileRef = 80FBFAED1B383F0B0050AD95 /* AppDelegate.swift */; };
		80FBFAF31B383F0B0050AD95 /* Main.storyboard in Resources */ = {isa = PBXBuildFile; fileRef = 80FBFAF11B383F0B0050AD95 /* Main.storyboard */; };
		80FBFAF51B383F0B0050AD95 /* Images.xcassets in Resources */ = {isa = PBXBuildFile; fileRef = 80FBFAF41B383F0B0050AD95 /* Images.xcassets */; };
		80FBFAF81B383F0B0050AD95 /* LaunchScreen.xib in Resources */ = {isa = PBXBuildFile; fileRef = 80FBFAF61B383F0B0050AD95 /* LaunchScreen.xib */; };
		80FBFB041B383F0B0050AD95 /* SaturnTests.swift in Sources */ = {isa = PBXBuildFile; fileRef = 80FBFB031B383F0B0050AD95 /* SaturnTests.swift */; };
		D50B87901B3993DF0059F0AF /* Bolts.framework in Frameworks */ = {isa = PBXBuildFile; fileRef = D50B878E1B3993DF0059F0AF /* Bolts.framework */; };
		D50B87911B3993DF0059F0AF /* Parse.framework in Frameworks */ = {isa = PBXBuildFile; fileRef = D50B878F1B3993DF0059F0AF /* Parse.framework */; };
		D50B87931B3993F80059F0AF /* AudioToolbox.framework in Frameworks */ = {isa = PBXBuildFile; fileRef = D50B87921B3993F80059F0AF /* AudioToolbox.framework */; };
		D50B87951B3993FD0059F0AF /* CFNetwork.framework in Frameworks */ = {isa = PBXBuildFile; fileRef = D50B87941B3993FD0059F0AF /* CFNetwork.framework */; };
		D50B87971B3994020059F0AF /* CoreGraphics.framework in Frameworks */ = {isa = PBXBuildFile; fileRef = D50B87961B3994020059F0AF /* CoreGraphics.framework */; };
		D50B87991B3994070059F0AF /* CoreLocation.framework in Frameworks */ = {isa = PBXBuildFile; fileRef = D50B87981B3994070059F0AF /* CoreLocation.framework */; };
		D50B879B1B39940D0059F0AF /* MobileCoreServices.framework in Frameworks */ = {isa = PBXBuildFile; fileRef = D50B879A1B39940D0059F0AF /* MobileCoreServices.framework */; };
		D50B879D1B3994130059F0AF /* QuartzCore.framework in Frameworks */ = {isa = PBXBuildFile; fileRef = D50B879C1B3994130059F0AF /* QuartzCore.framework */; };
		D50B879F1B3994180059F0AF /* Security.framework in Frameworks */ = {isa = PBXBuildFile; fileRef = D50B879E1B3994180059F0AF /* Security.framework */; };
		D50B87A31B3994220059F0AF /* SystemConfiguration.framework in Frameworks */ = {isa = PBXBuildFile; fileRef = D50B87A21B3994220059F0AF /* SystemConfiguration.framework */; };
		D50B87A51B3994280059F0AF /* libz.dylib in Frameworks */ = {isa = PBXBuildFile; fileRef = D50B87A41B3994280059F0AF /* libz.dylib */; };
		D50B87A71B3994310059F0AF /* libsqlite3.dylib in Frameworks */ = {isa = PBXBuildFile; fileRef = D50B87A61B3994310059F0AF /* libsqlite3.dylib */; };
		D526E5A01B418D880036F8EE /* InterfaceController.swift in Sources */ = {isa = PBXBuildFile; fileRef = D526E59F1B418D880036F8EE /* InterfaceController.swift */; };
		D526E5A21B418D880036F8EE /* NotificationController.swift in Sources */ = {isa = PBXBuildFile; fileRef = D526E5A11B418D880036F8EE /* NotificationController.swift */; };
		D526E5A41B418D880036F8EE /* Images.xcassets in Resources */ = {isa = PBXBuildFile; fileRef = D526E5A31B418D880036F8EE /* Images.xcassets */; };
		D526E5A81B418D880036F8EE /* Saturn WatchKit App.app in Resources */ = {isa = PBXBuildFile; fileRef = D526E5A71B418D880036F8EE /* Saturn WatchKit App.app */; };
		D526E5B01B418D880036F8EE /* Interface.storyboard in Resources */ = {isa = PBXBuildFile; fileRef = D526E5AE1B418D880036F8EE /* Interface.storyboard */; };
		D526E5B21B418D880036F8EE /* Images.xcassets in Resources */ = {isa = PBXBuildFile; fileRef = D526E5B11B418D880036F8EE /* Images.xcassets */; };
		D526E5B51B418D880036F8EE /* Saturn WatchKit Extension.appex in Embed App Extensions */ = {isa = PBXBuildFile; fileRef = D526E59A1B418D880036F8EE /* Saturn WatchKit Extension.appex */; settings = {ATTRIBUTES = (RemoveHeadersOnCopy, ); }; };
		D526E5BD1B4192B40036F8EE /* SensorRowType.swift in Sources */ = {isa = PBXBuildFile; fileRef = D526E5BC1B4192B40036F8EE /* SensorRowType.swift */; };
		D526E5BF1B4198AF0036F8EE /* SensorModel.swift in Sources */ = {isa = PBXBuildFile; fileRef = D526E5BE1B4198AF0036F8EE /* SensorModel.swift */; };
		D58513341B3AEDD700FAB2B7 /* SensorsViewController.swift in Sources */ = {isa = PBXBuildFile; fileRef = D58513331B3AEDD700FAB2B7 /* SensorsViewController.swift */; };
		D58513381B3C3B4000FAB2B7 /* SensorModel.swift in Sources */ = {isa = PBXBuildFile; fileRef = D58513371B3C3B4000FAB2B7 /* SensorModel.swift */; };
		D585133A1B3C503600FAB2B7 /* UIViewControllerExtensions.swift in Sources */ = {isa = PBXBuildFile; fileRef = D58513391B3C503600FAB2B7 /* UIViewControllerExtensions.swift */; };
		EF9986501B3C3566000E479C /* ScanViewController.swift in Sources */ = {isa = PBXBuildFile; fileRef = EF99864E1B3C3566000E479C /* ScanViewController.swift */; };
		EF9986511B3C3566000E479C /* SensorViewController.swift in Sources */ = {isa = PBXBuildFile; fileRef = EF99864F1B3C3566000E479C /* SensorViewController.swift */; };
		EFABD4981B3AE2EF006DA439 /* SanFranciscoText-Light.otf in Resources */ = {isa = PBXBuildFile; fileRef = EFABD4951B3AE2EF006DA439 /* SanFranciscoText-Light.otf */; };
		EFABD4991B3AE2EF006DA439 /* SanFranciscoText-Regular.otf in Resources */ = {isa = PBXBuildFile; fileRef = EFABD4961B3AE2EF006DA439 /* SanFranciscoText-Regular.otf */; };
		EFABD49A1B3AE2EF006DA439 /* SanFranciscoText-Semibold.otf in Resources */ = {isa = PBXBuildFile; fileRef = EFABD4971B3AE2EF006DA439 /* SanFranciscoText-Semibold.otf */; };
/* End PBXBuildFile section */

/* Begin PBXContainerItemProxy section */
		80FBFAFE1B383F0B0050AD95 /* PBXContainerItemProxy */ = {
			isa = PBXContainerItemProxy;
			containerPortal = 80FBFAE01B383F0B0050AD95 /* Project object */;
			proxyType = 1;
			remoteGlobalIDString = 80FBFAE71B383F0B0050AD95;
			remoteInfo = Saturn;
		};
		D526E5A91B418D880036F8EE /* PBXContainerItemProxy */ = {
			isa = PBXContainerItemProxy;
			containerPortal = 80FBFAE01B383F0B0050AD95 /* Project object */;
			proxyType = 1;
			remoteGlobalIDString = D526E5A61B418D880036F8EE;
			remoteInfo = "Saturn WatchKit App";
		};
		D526E5B31B418D880036F8EE /* PBXContainerItemProxy */ = {
			isa = PBXContainerItemProxy;
			containerPortal = 80FBFAE01B383F0B0050AD95 /* Project object */;
			proxyType = 1;
			remoteGlobalIDString = D526E5991B418D880036F8EE;
			remoteInfo = "Saturn WatchKit Extension";
		};
/* End PBXContainerItemProxy section */

/* Begin PBXCopyFilesBuildPhase section */
		D526E5931B41888B0036F8EE /* Embed App Extensions */ = {
			isa = PBXCopyFilesBuildPhase;
			buildActionMask = 2147483647;
			dstPath = "";
			dstSubfolderSpec = 13;
			files = (
				D526E5B51B418D880036F8EE /* Saturn WatchKit Extension.appex in Embed App Extensions */,
			);
			name = "Embed App Extensions";
			runOnlyForDeploymentPostprocessing = 0;
		};
/* End PBXCopyFilesBuildPhase section */

/* Begin PBXFileReference section */
		80CC90711B4167A000FA4096 /* DetailViewController.swift */ = {isa = PBXFileReference; fileEncoding = 4; lastKnownFileType = sourcecode.swift; path = DetailViewController.swift; sourceTree = "<group>"; };
		80CC90731B4178BC00FA4096 /* SlideMenuController.swift */ = {isa = PBXFileReference; fileEncoding = 4; lastKnownFileType = sourcecode.swift; path = SlideMenuController.swift; sourceTree = "<group>"; };
		80CC90751B417A9A00FA4096 /* MenuViewController.swift */ = {isa = PBXFileReference; fileEncoding = 4; lastKnownFileType = sourcecode.swift; path = MenuViewController.swift; sourceTree = "<group>"; };
		80D106511B42B6D10095C87C /* MenuTableViewCell.swift */ = {isa = PBXFileReference; fileEncoding = 4; lastKnownFileType = sourcecode.swift; path = MenuTableViewCell.swift; sourceTree = "<group>"; };
		80E272851B3D8DB300ABA11C /* SensorsTableViewCell.swift */ = {isa = PBXFileReference; fileEncoding = 4; lastKnownFileType = sourcecode.swift; path = SensorsTableViewCell.swift; sourceTree = "<group>"; };
		80FBFAE81B383F0B0050AD95 /* Saturn.app */ = {isa = PBXFileReference; explicitFileType = wrapper.application; includeInIndex = 0; path = Saturn.app; sourceTree = BUILT_PRODUCTS_DIR; };
		80FBFAEC1B383F0B0050AD95 /* Info.plist */ = {isa = PBXFileReference; lastKnownFileType = text.plist.xml; path = Info.plist; sourceTree = "<group>"; };
		80FBFAED1B383F0B0050AD95 /* AppDelegate.swift */ = {isa = PBXFileReference; lastKnownFileType = sourcecode.swift; path = AppDelegate.swift; sourceTree = "<group>"; };
		80FBFAF21B383F0B0050AD95 /* Base */ = {isa = PBXFileReference; lastKnownFileType = file.storyboard; name = Base; path = Base.lproj/Main.storyboard; sourceTree = "<group>"; };
		80FBFAF41B383F0B0050AD95 /* Images.xcassets */ = {isa = PBXFileReference; lastKnownFileType = folder.assetcatalog; path = Images.xcassets; sourceTree = "<group>"; };
		80FBFAF71B383F0B0050AD95 /* Base */ = {isa = PBXFileReference; lastKnownFileType = file.xib; name = Base; path = Base.lproj/LaunchScreen.xib; sourceTree = "<group>"; };
		80FBFAFD1B383F0B0050AD95 /* SaturnTests.xctest */ = {isa = PBXFileReference; explicitFileType = wrapper.cfbundle; includeInIndex = 0; path = SaturnTests.xctest; sourceTree = BUILT_PRODUCTS_DIR; };
		80FBFB021B383F0B0050AD95 /* Info.plist */ = {isa = PBXFileReference; lastKnownFileType = text.plist.xml; path = Info.plist; sourceTree = "<group>"; };
		80FBFB031B383F0B0050AD95 /* SaturnTests.swift */ = {isa = PBXFileReference; lastKnownFileType = sourcecode.swift; path = SaturnTests.swift; sourceTree = "<group>"; };
		D50B878E1B3993DF0059F0AF /* Bolts.framework */ = {isa = PBXFileReference; lastKnownFileType = wrapper.framework; path = Bolts.framework; sourceTree = "<group>"; };
		D50B878F1B3993DF0059F0AF /* Parse.framework */ = {isa = PBXFileReference; lastKnownFileType = wrapper.framework; path = Parse.framework; sourceTree = "<group>"; };
		D50B87921B3993F80059F0AF /* AudioToolbox.framework */ = {isa = PBXFileReference; lastKnownFileType = wrapper.framework; name = AudioToolbox.framework; path = System/Library/Frameworks/AudioToolbox.framework; sourceTree = SDKROOT; };
		D50B87941B3993FD0059F0AF /* CFNetwork.framework */ = {isa = PBXFileReference; lastKnownFileType = wrapper.framework; name = CFNetwork.framework; path = System/Library/Frameworks/CFNetwork.framework; sourceTree = SDKROOT; };
		D50B87961B3994020059F0AF /* CoreGraphics.framework */ = {isa = PBXFileReference; lastKnownFileType = wrapper.framework; name = CoreGraphics.framework; path = System/Library/Frameworks/CoreGraphics.framework; sourceTree = SDKROOT; };
		D50B87981B3994070059F0AF /* CoreLocation.framework */ = {isa = PBXFileReference; lastKnownFileType = wrapper.framework; name = CoreLocation.framework; path = System/Library/Frameworks/CoreLocation.framework; sourceTree = SDKROOT; };
		D50B879A1B39940D0059F0AF /* MobileCoreServices.framework */ = {isa = PBXFileReference; lastKnownFileType = wrapper.framework; name = MobileCoreServices.framework; path = System/Library/Frameworks/MobileCoreServices.framework; sourceTree = SDKROOT; };
		D50B879C1B3994130059F0AF /* QuartzCore.framework */ = {isa = PBXFileReference; lastKnownFileType = wrapper.framework; name = QuartzCore.framework; path = System/Library/Frameworks/QuartzCore.framework; sourceTree = SDKROOT; };
		D50B879E1B3994180059F0AF /* Security.framework */ = {isa = PBXFileReference; lastKnownFileType = wrapper.framework; name = Security.framework; path = System/Library/Frameworks/Security.framework; sourceTree = SDKROOT; };
		D50B87A21B3994220059F0AF /* SystemConfiguration.framework */ = {isa = PBXFileReference; lastKnownFileType = wrapper.framework; name = SystemConfiguration.framework; path = System/Library/Frameworks/SystemConfiguration.framework; sourceTree = SDKROOT; };
		D50B87A41B3994280059F0AF /* libz.dylib */ = {isa = PBXFileReference; lastKnownFileType = "compiled.mach-o.dylib"; name = libz.dylib; path = usr/lib/libz.dylib; sourceTree = SDKROOT; };
		D50B87A61B3994310059F0AF /* libsqlite3.dylib */ = {isa = PBXFileReference; lastKnownFileType = "compiled.mach-o.dylib"; name = libsqlite3.dylib; path = usr/lib/libsqlite3.dylib; sourceTree = SDKROOT; };
		D526E59A1B418D880036F8EE /* Saturn WatchKit Extension.appex */ = {isa = PBXFileReference; explicitFileType = "wrapper.app-extension"; includeInIndex = 0; path = "Saturn WatchKit Extension.appex"; sourceTree = BUILT_PRODUCTS_DIR; };
		D526E59D1B418D880036F8EE /* Info.plist */ = {isa = PBXFileReference; lastKnownFileType = text.plist.xml; path = Info.plist; sourceTree = "<group>"; };
		D526E59E1B418D880036F8EE /* PushNotificationPayload.apns */ = {isa = PBXFileReference; lastKnownFileType = text; path = PushNotificationPayload.apns; sourceTree = "<group>"; };
		D526E59F1B418D880036F8EE /* InterfaceController.swift */ = {isa = PBXFileReference; lastKnownFileType = sourcecode.swift; path = InterfaceController.swift; sourceTree = "<group>"; };
		D526E5A11B418D880036F8EE /* NotificationController.swift */ = {isa = PBXFileReference; lastKnownFileType = sourcecode.swift; path = NotificationController.swift; sourceTree = "<group>"; };
		D526E5A31B418D880036F8EE /* Images.xcassets */ = {isa = PBXFileReference; lastKnownFileType = folder.assetcatalog; path = Images.xcassets; sourceTree = "<group>"; };
		D526E5A71B418D880036F8EE /* Saturn WatchKit App.app */ = {isa = PBXFileReference; explicitFileType = wrapper.application; includeInIndex = 0; path = "Saturn WatchKit App.app"; sourceTree = BUILT_PRODUCTS_DIR; };
		D526E5AD1B418D880036F8EE /* Info.plist */ = {isa = PBXFileReference; lastKnownFileType = text.plist.xml; path = Info.plist; sourceTree = "<group>"; };
		D526E5AF1B418D880036F8EE /* Base */ = {isa = PBXFileReference; lastKnownFileType = file.storyboard; name = Base; path = Base.lproj/Interface.storyboard; sourceTree = "<group>"; };
		D526E5B11B418D880036F8EE /* Images.xcassets */ = {isa = PBXFileReference; lastKnownFileType = folder.assetcatalog; path = Images.xcassets; sourceTree = "<group>"; };
		D526E5BC1B4192B40036F8EE /* SensorRowType.swift */ = {isa = PBXFileReference; fileEncoding = 4; lastKnownFileType = sourcecode.swift; path = SensorRowType.swift; sourceTree = "<group>"; };
		D526E5BE1B4198AF0036F8EE /* SensorModel.swift */ = {isa = PBXFileReference; fileEncoding = 4; lastKnownFileType = sourcecode.swift; path = SensorModel.swift; sourceTree = "<group>"; };
		D58513331B3AEDD700FAB2B7 /* SensorsViewController.swift */ = {isa = PBXFileReference; fileEncoding = 4; lastKnownFileType = sourcecode.swift; path = SensorsViewController.swift; sourceTree = "<group>"; };
		D58513371B3C3B4000FAB2B7 /* SensorModel.swift */ = {isa = PBXFileReference; fileEncoding = 4; lastKnownFileType = sourcecode.swift; path = SensorModel.swift; sourceTree = "<group>"; };
		D58513391B3C503600FAB2B7 /* UIViewControllerExtensions.swift */ = {isa = PBXFileReference; fileEncoding = 4; lastKnownFileType = sourcecode.swift; path = UIViewControllerExtensions.swift; sourceTree = "<group>"; };
		EF99864E1B3C3566000E479C /* ScanViewController.swift */ = {isa = PBXFileReference; fileEncoding = 4; lastKnownFileType = sourcecode.swift; path = ScanViewController.swift; sourceTree = "<group>"; };
		EF99864F1B3C3566000E479C /* SensorViewController.swift */ = {isa = PBXFileReference; fileEncoding = 4; lastKnownFileType = sourcecode.swift; path = SensorViewController.swift; sourceTree = "<group>"; };
		EFABD4951B3AE2EF006DA439 /* SanFranciscoText-Light.otf */ = {isa = PBXFileReference; lastKnownFileType = file; path = "SanFranciscoText-Light.otf"; sourceTree = "<group>"; };
		EFABD4961B3AE2EF006DA439 /* SanFranciscoText-Regular.otf */ = {isa = PBXFileReference; lastKnownFileType = file; path = "SanFranciscoText-Regular.otf"; sourceTree = "<group>"; };
		EFABD4971B3AE2EF006DA439 /* SanFranciscoText-Semibold.otf */ = {isa = PBXFileReference; lastKnownFileType = file; path = "SanFranciscoText-Semibold.otf"; sourceTree = "<group>"; };
/* End PBXFileReference section */

/* Begin PBXFrameworksBuildPhase section */
		80FBFAE51B383F0B0050AD95 /* Frameworks */ = {
			isa = PBXFrameworksBuildPhase;
			buildActionMask = 2147483647;
			files = (
				D50B87A71B3994310059F0AF /* libsqlite3.dylib in Frameworks */,
				D50B87A51B3994280059F0AF /* libz.dylib in Frameworks */,
				D50B87A31B3994220059F0AF /* SystemConfiguration.framework in Frameworks */,
				D50B879F1B3994180059F0AF /* Security.framework in Frameworks */,
				D50B879D1B3994130059F0AF /* QuartzCore.framework in Frameworks */,
				D50B879B1B39940D0059F0AF /* MobileCoreServices.framework in Frameworks */,
				D50B87991B3994070059F0AF /* CoreLocation.framework in Frameworks */,
				D50B87971B3994020059F0AF /* CoreGraphics.framework in Frameworks */,
				D50B87951B3993FD0059F0AF /* CFNetwork.framework in Frameworks */,
				D50B87931B3993F80059F0AF /* AudioToolbox.framework in Frameworks */,
				D50B87911B3993DF0059F0AF /* Parse.framework in Frameworks */,
				D50B87901B3993DF0059F0AF /* Bolts.framework in Frameworks */,
			);
			runOnlyForDeploymentPostprocessing = 0;
		};
		80FBFAFA1B383F0B0050AD95 /* Frameworks */ = {
			isa = PBXFrameworksBuildPhase;
			buildActionMask = 2147483647;
			files = (
			);
			runOnlyForDeploymentPostprocessing = 0;
		};
		D526E5971B418D880036F8EE /* Frameworks */ = {
			isa = PBXFrameworksBuildPhase;
			buildActionMask = 2147483647;
			files = (
			);
			runOnlyForDeploymentPostprocessing = 0;
		};
/* End PBXFrameworksBuildPhase section */

/* Begin PBXGroup section */
		80FBFADF1B383F0B0050AD95 = {
			isa = PBXGroup;
			children = (
				80FBFAEA1B383F0B0050AD95 /* Saturn */,
				80FBFB001B383F0B0050AD95 /* SaturnTests */,
				D526E59B1B418D880036F8EE /* Saturn WatchKit Extension */,
				D526E5AB1B418D880036F8EE /* Saturn WatchKit App */,
				80FBFAE91B383F0B0050AD95 /* Products */,
			);
			sourceTree = "<group>";
		};
		80FBFAE91B383F0B0050AD95 /* Products */ = {
			isa = PBXGroup;
			children = (
				80FBFAE81B383F0B0050AD95 /* Saturn.app */,
				80FBFAFD1B383F0B0050AD95 /* SaturnTests.xctest */,
				D526E59A1B418D880036F8EE /* Saturn WatchKit Extension.appex */,
				D526E5A71B418D880036F8EE /* Saturn WatchKit App.app */,
			);
			name = Products;
			sourceTree = "<group>";
		};
		80FBFAEA1B383F0B0050AD95 /* Saturn */ = {
			isa = PBXGroup;
			children = (
				EFABD4941B3AE2EF006DA439 /* Fonts */,
				D5A949CC1B39934F00E81E71 /* Framework */,
				80FBFAED1B383F0B0050AD95 /* AppDelegate.swift */,
				D58513391B3C503600FAB2B7 /* UIViewControllerExtensions.swift */,
				80CC90751B417A9A00FA4096 /* MenuViewController.swift */,
				80D106511B42B6D10095C87C /* MenuTableViewCell.swift */,
				80CC90731B4178BC00FA4096 /* SlideMenuController.swift */,
				D58513331B3AEDD700FAB2B7 /* SensorsViewController.swift */,
				80E272851B3D8DB300ABA11C /* SensorsTableViewCell.swift */,
				EF99864E1B3C3566000E479C /* ScanViewController.swift */,
				EF99864F1B3C3566000E479C /* SensorViewController.swift */,
				80FBFAF11B383F0B0050AD95 /* Main.storyboard */,
				80CC90711B4167A000FA4096 /* DetailViewController.swift */,
				80FBFAF41B383F0B0050AD95 /* Images.xcassets */,
				80FBFAF61B383F0B0050AD95 /* LaunchScreen.xib */,
				80FBFAEB1B383F0B0050AD95 /* Supporting Files */,
				D58513371B3C3B4000FAB2B7 /* SensorModel.swift */,
			);
			path = Saturn;
			sourceTree = "<group>";
		};
		80FBFAEB1B383F0B0050AD95 /* Supporting Files */ = {
			isa = PBXGroup;
			children = (
				80FBFAEC1B383F0B0050AD95 /* Info.plist */,
			);
			name = "Supporting Files";
			sourceTree = "<group>";
		};
		80FBFB001B383F0B0050AD95 /* SaturnTests */ = {
			isa = PBXGroup;
			children = (
				80FBFB031B383F0B0050AD95 /* SaturnTests.swift */,
				80FBFB011B383F0B0050AD95 /* Supporting Files */,
			);
			path = SaturnTests;
			sourceTree = "<group>";
		};
		80FBFB011B383F0B0050AD95 /* Supporting Files */ = {
			isa = PBXGroup;
			children = (
				80FBFB021B383F0B0050AD95 /* Info.plist */,
			);
			name = "Supporting Files";
			sourceTree = "<group>";
		};
		D526E59B1B418D880036F8EE /* Saturn WatchKit Extension */ = {
			isa = PBXGroup;
			children = (
				D526E59F1B418D880036F8EE /* InterfaceController.swift */,
				D526E5A11B418D880036F8EE /* NotificationController.swift */,
				D526E5A31B418D880036F8EE /* Images.xcassets */,
				D526E59C1B418D880036F8EE /* Supporting Files */,
				D526E5BC1B4192B40036F8EE /* SensorRowType.swift */,
				D526E5BE1B4198AF0036F8EE /* SensorModel.swift */,
			);
			path = "Saturn WatchKit Extension";
			sourceTree = "<group>";
		};
		D526E59C1B418D880036F8EE /* Supporting Files */ = {
			isa = PBXGroup;
			children = (
				D526E59D1B418D880036F8EE /* Info.plist */,
				D526E59E1B418D880036F8EE /* PushNotificationPayload.apns */,
			);
			name = "Supporting Files";
			sourceTree = "<group>";
		};
		D526E5AB1B418D880036F8EE /* Saturn WatchKit App */ = {
			isa = PBXGroup;
			children = (
				D526E5AE1B418D880036F8EE /* Interface.storyboard */,
				D526E5B11B418D880036F8EE /* Images.xcassets */,
				D526E5AC1B418D880036F8EE /* Supporting Files */,
			);
			path = "Saturn WatchKit App";
			sourceTree = "<group>";
		};
		D526E5AC1B418D880036F8EE /* Supporting Files */ = {
			isa = PBXGroup;
			children = (
				D526E5AD1B418D880036F8EE /* Info.plist */,
			);
			name = "Supporting Files";
			sourceTree = "<group>";
		};
		D5A949CC1B39934F00E81E71 /* Framework */ = {
			isa = PBXGroup;
			children = (
				D50B87A61B3994310059F0AF /* libsqlite3.dylib */,
				D50B87A41B3994280059F0AF /* libz.dylib */,
				D50B87A21B3994220059F0AF /* SystemConfiguration.framework */,
				D50B879E1B3994180059F0AF /* Security.framework */,
				D50B879C1B3994130059F0AF /* QuartzCore.framework */,
				D50B879A1B39940D0059F0AF /* MobileCoreServices.framework */,
				D50B87981B3994070059F0AF /* CoreLocation.framework */,
				D50B87961B3994020059F0AF /* CoreGraphics.framework */,
				D50B87941B3993FD0059F0AF /* CFNetwork.framework */,
				D50B87921B3993F80059F0AF /* AudioToolbox.framework */,
				D50B878E1B3993DF0059F0AF /* Bolts.framework */,
				D50B878F1B3993DF0059F0AF /* Parse.framework */,
			);
			name = Framework;
			sourceTree = "<group>";
		};
		EFABD4941B3AE2EF006DA439 /* Fonts */ = {
			isa = PBXGroup;
			children = (
				EFABD4951B3AE2EF006DA439 /* SanFranciscoText-Light.otf */,
				EFABD4961B3AE2EF006DA439 /* SanFranciscoText-Regular.otf */,
				EFABD4971B3AE2EF006DA439 /* SanFranciscoText-Semibold.otf */,
			);
			path = Fonts;
			sourceTree = "<group>";
		};
/* End PBXGroup section */

/* Begin PBXNativeTarget section */
		80FBFAE71B383F0B0050AD95 /* Saturn */ = {
			isa = PBXNativeTarget;
			buildConfigurationList = 80FBFB071B383F0B0050AD95 /* Build configuration list for PBXNativeTarget "Saturn" */;
			buildPhases = (
				80FBFAE41B383F0B0050AD95 /* Sources */,
				80FBFAE51B383F0B0050AD95 /* Frameworks */,
				80FBFAE61B383F0B0050AD95 /* Resources */,
				D526E5931B41888B0036F8EE /* Embed App Extensions */,
			);
			buildRules = (
			);
			dependencies = (
				D526E5B41B418D880036F8EE /* PBXTargetDependency */,
			);
			name = Saturn;
			productName = Saturn;
			productReference = 80FBFAE81B383F0B0050AD95 /* Saturn.app */;
			productType = "com.apple.product-type.application";
		};
		80FBFAFC1B383F0B0050AD95 /* SaturnTests */ = {
			isa = PBXNativeTarget;
			buildConfigurationList = 80FBFB0A1B383F0C0050AD95 /* Build configuration list for PBXNativeTarget "SaturnTests" */;
			buildPhases = (
				80FBFAF91B383F0B0050AD95 /* Sources */,
				80FBFAFA1B383F0B0050AD95 /* Frameworks */,
				80FBFAFB1B383F0B0050AD95 /* Resources */,
			);
			buildRules = (
			);
			dependencies = (
				80FBFAFF1B383F0B0050AD95 /* PBXTargetDependency */,
			);
			name = SaturnTests;
			productName = SaturnTests;
			productReference = 80FBFAFD1B383F0B0050AD95 /* SaturnTests.xctest */;
			productType = "com.apple.product-type.bundle.unit-test";
		};
		D526E5991B418D880036F8EE /* Saturn WatchKit Extension */ = {
			isa = PBXNativeTarget;
			buildConfigurationList = D526E5B91B418D880036F8EE /* Build configuration list for PBXNativeTarget "Saturn WatchKit Extension" */;
			buildPhases = (
				D526E5961B418D880036F8EE /* Sources */,
				D526E5971B418D880036F8EE /* Frameworks */,
				D526E5981B418D880036F8EE /* Resources */,
			);
			buildRules = (
			);
			dependencies = (
				D526E5AA1B418D880036F8EE /* PBXTargetDependency */,
			);
			name = "Saturn WatchKit Extension";
			productName = "Saturn WatchKit Extension";
			productReference = D526E59A1B418D880036F8EE /* Saturn WatchKit Extension.appex */;
			productType = "com.apple.product-type.watchkit-extension";
		};
		D526E5A61B418D880036F8EE /* Saturn WatchKit App */ = {
			isa = PBXNativeTarget;
			buildConfigurationList = D526E5B61B418D880036F8EE /* Build configuration list for PBXNativeTarget "Saturn WatchKit App" */;
			buildPhases = (
				D526E5A51B418D880036F8EE /* Resources */,
			);
			buildRules = (
			);
			dependencies = (
			);
			name = "Saturn WatchKit App";
			productName = "Saturn WatchKit App";
			productReference = D526E5A71B418D880036F8EE /* Saturn WatchKit App.app */;
			productType = "com.apple.product-type.application.watchapp";
		};
/* End PBXNativeTarget section */

/* Begin PBXProject section */
		80FBFAE01B383F0B0050AD95 /* Project object */ = {
			isa = PBXProject;
			attributes = {
				LastUpgradeCheck = 0630;
				ORGANIZATIONNAME = Saturn;
				TargetAttributes = {
					80FBFAE71B383F0B0050AD95 = {
						CreatedOnToolsVersion = 6.3;
						SystemCapabilities = {
							com.apple.InAppPurchase = {
								enabled = 0;
							};
						};
					};
					80FBFAFC1B383F0B0050AD95 = {
						CreatedOnToolsVersion = 6.3;
						TestTargetID = 80FBFAE71B383F0B0050AD95;
					};
					D526E5991B418D880036F8EE = {
						CreatedOnToolsVersion = 6.3.2;
					};
					D526E5A61B418D880036F8EE = {
						CreatedOnToolsVersion = 6.3.2;
					};
				};
			};
			buildConfigurationList = 80FBFAE31B383F0B0050AD95 /* Build configuration list for PBXProject "Saturn" */;
			compatibilityVersion = "Xcode 3.2";
			developmentRegion = English;
			hasScannedForEncodings = 0;
			knownRegions = (
				en,
				Base,
			);
			mainGroup = 80FBFADF1B383F0B0050AD95;
			productRefGroup = 80FBFAE91B383F0B0050AD95 /* Products */;
			projectDirPath = "";
			projectRoot = "";
			targets = (
				80FBFAE71B383F0B0050AD95 /* Saturn */,
				80FBFAFC1B383F0B0050AD95 /* SaturnTests */,
				D526E5991B418D880036F8EE /* Saturn WatchKit Extension */,
				D526E5A61B418D880036F8EE /* Saturn WatchKit App */,
			);
		};
/* End PBXProject section */

/* Begin PBXResourcesBuildPhase section */
		80FBFAE61B383F0B0050AD95 /* Resources */ = {
			isa = PBXResourcesBuildPhase;
			buildActionMask = 2147483647;
			files = (
				EFABD4991B3AE2EF006DA439 /* SanFranciscoText-Regular.otf in Resources */,
				80FBFAF31B383F0B0050AD95 /* Main.storyboard in Resources */,
				EFABD4981B3AE2EF006DA439 /* SanFranciscoText-Light.otf in Resources */,
				80FBFAF81B383F0B0050AD95 /* LaunchScreen.xib in Resources */,
				80FBFAF51B383F0B0050AD95 /* Images.xcassets in Resources */,
				EFABD49A1B3AE2EF006DA439 /* SanFranciscoText-Semibold.otf in Resources */,
			);
			runOnlyForDeploymentPostprocessing = 0;
		};
		80FBFAFB1B383F0B0050AD95 /* Resources */ = {
			isa = PBXResourcesBuildPhase;
			buildActionMask = 2147483647;
			files = (
			);
			runOnlyForDeploymentPostprocessing = 0;
		};
		D526E5981B418D880036F8EE /* Resources */ = {
			isa = PBXResourcesBuildPhase;
			buildActionMask = 2147483647;
			files = (
				D526E5A41B418D880036F8EE /* Images.xcassets in Resources */,
				D526E5A81B418D880036F8EE /* Saturn WatchKit App.app in Resources */,
			);
			runOnlyForDeploymentPostprocessing = 0;
		};
		D526E5A51B418D880036F8EE /* Resources */ = {
			isa = PBXResourcesBuildPhase;
			buildActionMask = 2147483647;
			files = (
				D526E5B01B418D880036F8EE /* Interface.storyboard in Resources */,
				D526E5B21B418D880036F8EE /* Images.xcassets in Resources */,
			);
			runOnlyForDeploymentPostprocessing = 0;
		};
/* End PBXResourcesBuildPhase section */

/* Begin PBXSourcesBuildPhase section */
		80FBFAE41B383F0B0050AD95 /* Sources */ = {
			isa = PBXSourcesBuildPhase;
			buildActionMask = 2147483647;
			files = (
				EF9986511B3C3566000E479C /* SensorViewController.swift in Sources */,
				80CC90761B417A9A00FA4096 /* MenuViewController.swift in Sources */,
				80FBFAEE1B383F0B0050AD95 /* AppDelegate.swift in Sources */,
				D58513381B3C3B4000FAB2B7 /* SensorModel.swift in Sources */,
				D58513341B3AEDD700FAB2B7 /* SensorsViewController.swift in Sources */,
				80CC90741B4178BD00FA4096 /* SlideMenuController.swift in Sources */,
				D585133A1B3C503600FAB2B7 /* UIViewControllerExtensions.swift in Sources */,
				EF9986501B3C3566000E479C /* ScanViewController.swift in Sources */,
				80E272861B3D8DB300ABA11C /* SensorsTableViewCell.swift in Sources */,
				80CC90721B4167A000FA4096 /* DetailViewController.swift in Sources */,
				80D106521B42B6D10095C87C /* MenuTableViewCell.swift in Sources */,
			);
			runOnlyForDeploymentPostprocessing = 0;
		};
		80FBFAF91B383F0B0050AD95 /* Sources */ = {
			isa = PBXSourcesBuildPhase;
			buildActionMask = 2147483647;
			files = (
				80FBFB041B383F0B0050AD95 /* SaturnTests.swift in Sources */,
			);
			runOnlyForDeploymentPostprocessing = 0;
		};
		D526E5961B418D880036F8EE /* Sources */ = {
			isa = PBXSourcesBuildPhase;
			buildActionMask = 2147483647;
			files = (
				D526E5BD1B4192B40036F8EE /* SensorRowType.swift in Sources */,
				D526E5A21B418D880036F8EE /* NotificationController.swift in Sources */,
				D526E5A01B418D880036F8EE /* InterfaceController.swift in Sources */,
				D526E5BF1B4198AF0036F8EE /* SensorModel.swift in Sources */,
			);
			runOnlyForDeploymentPostprocessing = 0;
		};
/* End PBXSourcesBuildPhase section */

/* Begin PBXTargetDependency section */
		80FBFAFF1B383F0B0050AD95 /* PBXTargetDependency */ = {
			isa = PBXTargetDependency;
			target = 80FBFAE71B383F0B0050AD95 /* Saturn */;
			targetProxy = 80FBFAFE1B383F0B0050AD95 /* PBXContainerItemProxy */;
		};
		D526E5AA1B418D880036F8EE /* PBXTargetDependency */ = {
			isa = PBXTargetDependency;
			target = D526E5A61B418D880036F8EE /* Saturn WatchKit App */;
			targetProxy = D526E5A91B418D880036F8EE /* PBXContainerItemProxy */;
		};
		D526E5B41B418D880036F8EE /* PBXTargetDependency */ = {
			isa = PBXTargetDependency;
			target = D526E5991B418D880036F8EE /* Saturn WatchKit Extension */;
			targetProxy = D526E5B31B418D880036F8EE /* PBXContainerItemProxy */;
		};
/* End PBXTargetDependency section */

/* Begin PBXVariantGroup section */
		80FBFAF11B383F0B0050AD95 /* Main.storyboard */ = {
			isa = PBXVariantGroup;
			children = (
				80FBFAF21B383F0B0050AD95 /* Base */,
			);
			name = Main.storyboard;
			sourceTree = "<group>";
		};
		80FBFAF61B383F0B0050AD95 /* LaunchScreen.xib */ = {
			isa = PBXVariantGroup;
			children = (
				80FBFAF71B383F0B0050AD95 /* Base */,
			);
			name = LaunchScreen.xib;
			sourceTree = "<group>";
		};
		D526E5AE1B418D880036F8EE /* Interface.storyboard */ = {
			isa = PBXVariantGroup;
			children = (
				D526E5AF1B418D880036F8EE /* Base */,
			);
			name = Interface.storyboard;
			sourceTree = "<group>";
		};
/* End PBXVariantGroup section */

/* Begin XCBuildConfiguration section */
		80FBFB051B383F0B0050AD95 /* Debug */ = {
			isa = XCBuildConfiguration;
			buildSettings = {
				ALWAYS_SEARCH_USER_PATHS = NO;
				CLANG_CXX_LANGUAGE_STANDARD = "gnu++0x";
				CLANG_CXX_LIBRARY = "libc++";
				CLANG_ENABLE_MODULES = YES;
				CLANG_ENABLE_OBJC_ARC = YES;
				CLANG_WARN_BOOL_CONVERSION = YES;
				CLANG_WARN_CONSTANT_CONVERSION = YES;
				CLANG_WARN_DIRECT_OBJC_ISA_USAGE = YES_ERROR;
				CLANG_WARN_EMPTY_BODY = YES;
				CLANG_WARN_ENUM_CONVERSION = YES;
				CLANG_WARN_INT_CONVERSION = YES;
				CLANG_WARN_OBJC_ROOT_CLASS = YES_ERROR;
				CLANG_WARN_UNREACHABLE_CODE = YES;
				CLANG_WARN__DUPLICATE_METHOD_MATCH = YES;
				"CODE_SIGN_IDENTITY[sdk=iphoneos*]" = "iPhone Developer";
				COPY_PHASE_STRIP = NO;
				DEBUG_INFORMATION_FORMAT = "dwarf-with-dsym";
				ENABLE_STRICT_OBJC_MSGSEND = YES;
				GCC_C_LANGUAGE_STANDARD = gnu99;
				GCC_DYNAMIC_NO_PIC = NO;
				GCC_NO_COMMON_BLOCKS = YES;
				GCC_OPTIMIZATION_LEVEL = 0;
				GCC_PREPROCESSOR_DEFINITIONS = (
					"DEBUG=1",
					"$(inherited)",
				);
				GCC_SYMBOLS_PRIVATE_EXTERN = NO;
				GCC_WARN_64_TO_32_BIT_CONVERSION = YES;
				GCC_WARN_ABOUT_RETURN_TYPE = YES_ERROR;
				GCC_WARN_UNDECLARED_SELECTOR = YES;
				GCC_WARN_UNINITIALIZED_AUTOS = YES_AGGRESSIVE;
				GCC_WARN_UNUSED_FUNCTION = YES;
				GCC_WARN_UNUSED_VARIABLE = YES;
				IPHONEOS_DEPLOYMENT_TARGET = 8.3;
				MTL_ENABLE_DEBUG_INFO = YES;
				ONLY_ACTIVE_ARCH = YES;
				SDKROOT = iphoneos;
				SWIFT_OPTIMIZATION_LEVEL = "-Onone";
				TARGETED_DEVICE_FAMILY = "1,2";
			};
			name = Debug;
		};
		80FBFB061B383F0B0050AD95 /* Release */ = {
			isa = XCBuildConfiguration;
			buildSettings = {
				ALWAYS_SEARCH_USER_PATHS = NO;
				CLANG_CXX_LANGUAGE_STANDARD = "gnu++0x";
				CLANG_CXX_LIBRARY = "libc++";
				CLANG_ENABLE_MODULES = YES;
				CLANG_ENABLE_OBJC_ARC = YES;
				CLANG_WARN_BOOL_CONVERSION = YES;
				CLANG_WARN_CONSTANT_CONVERSION = YES;
				CLANG_WARN_DIRECT_OBJC_ISA_USAGE = YES_ERROR;
				CLANG_WARN_EMPTY_BODY = YES;
				CLANG_WARN_ENUM_CONVERSION = YES;
				CLANG_WARN_INT_CONVERSION = YES;
				CLANG_WARN_OBJC_ROOT_CLASS = YES_ERROR;
				CLANG_WARN_UNREACHABLE_CODE = YES;
				CLANG_WARN__DUPLICATE_METHOD_MATCH = YES;
				"CODE_SIGN_IDENTITY[sdk=iphoneos*]" = "iPhone Developer";
				COPY_PHASE_STRIP = NO;
				DEBUG_INFORMATION_FORMAT = "dwarf-with-dsym";
				ENABLE_NS_ASSERTIONS = NO;
				ENABLE_STRICT_OBJC_MSGSEND = YES;
				GCC_C_LANGUAGE_STANDARD = gnu99;
				GCC_NO_COMMON_BLOCKS = YES;
				GCC_WARN_64_TO_32_BIT_CONVERSION = YES;
				GCC_WARN_ABOUT_RETURN_TYPE = YES_ERROR;
				GCC_WARN_UNDECLARED_SELECTOR = YES;
				GCC_WARN_UNINITIALIZED_AUTOS = YES_AGGRESSIVE;
				GCC_WARN_UNUSED_FUNCTION = YES;
				GCC_WARN_UNUSED_VARIABLE = YES;
				IPHONEOS_DEPLOYMENT_TARGET = 8.3;
				MTL_ENABLE_DEBUG_INFO = NO;
				SDKROOT = iphoneos;
				TARGETED_DEVICE_FAMILY = "1,2";
				VALIDATE_PRODUCT = YES;
			};
			name = Release;
		};
		80FBFB081B383F0B0050AD95 /* Debug */ = {
			isa = XCBuildConfiguration;
			buildSettings = {
				ASSETCATALOG_COMPILER_APPICON_NAME = AppIcon;
				CODE_SIGN_IDENTITY = "iPhone Developer";
				"CODE_SIGN_IDENTITY[sdk=iphoneos*]" = "iPhone Developer";
				FRAMEWORK_SEARCH_PATHS = (
					"$(inherited)",
					"$(PROJECT_DIR)/Saturn",
				);
				INFOPLIST_FILE = Saturn/Info.plist;
				LD_RUNPATH_SEARCH_PATHS = "$(inherited) @executable_path/Frameworks";
				PRODUCT_NAME = "$(TARGET_NAME)";
				PROVISIONING_PROFILE = "";
			};
			name = Debug;
		};
		80FBFB091B383F0B0050AD95 /* Release */ = {
			isa = XCBuildConfiguration;
			buildSettings = {
				ASSETCATALOG_COMPILER_APPICON_NAME = AppIcon;
				CODE_SIGN_IDENTITY = "iPhone Developer";
				"CODE_SIGN_IDENTITY[sdk=iphoneos*]" = "iPhone Developer";
				FRAMEWORK_SEARCH_PATHS = (
					"$(inherited)",
					"$(PROJECT_DIR)/Saturn",
				);
				INFOPLIST_FILE = Saturn/Info.plist;
				LD_RUNPATH_SEARCH_PATHS = "$(inherited) @executable_path/Frameworks";
				PRODUCT_NAME = "$(TARGET_NAME)";
				PROVISIONING_PROFILE = "";
			};
			name = Release;
		};
		80FBFB0B1B383F0C0050AD95 /* Debug */ = {
			isa = XCBuildConfiguration;
			buildSettings = {
				BUNDLE_LOADER = "$(TEST_HOST)";
				CODE_SIGN_IDENTITY = "iPhone Developer";
				FRAMEWORK_SEARCH_PATHS = (
					"$(SDKROOT)/Developer/Library/Frameworks",
					"$(inherited)",
				);
				GCC_PREPROCESSOR_DEFINITIONS = (
					"DEBUG=1",
					"$(inherited)",
				);
				INFOPLIST_FILE = SaturnTests/Info.plist;
				LD_RUNPATH_SEARCH_PATHS = "$(inherited) @executable_path/Frameworks @loader_path/Frameworks";
				PRODUCT_NAME = "$(TARGET_NAME)";
				TEST_HOST = "$(BUILT_PRODUCTS_DIR)/Saturn.app/Saturn";
			};
			name = Debug;
		};
		80FBFB0C1B383F0C0050AD95 /* Release */ = {
			isa = XCBuildConfiguration;
			buildSettings = {
				BUNDLE_LOADER = "$(TEST_HOST)";
				CODE_SIGN_IDENTITY = "iPhone Developer";
				FRAMEWORK_SEARCH_PATHS = (
					"$(SDKROOT)/Developer/Library/Frameworks",
					"$(inherited)",
				);
				INFOPLIST_FILE = SaturnTests/Info.plist;
				LD_RUNPATH_SEARCH_PATHS = "$(inherited) @executable_path/Frameworks @loader_path/Frameworks";
				PRODUCT_NAME = "$(TARGET_NAME)";
				TEST_HOST = "$(BUILT_PRODUCTS_DIR)/Saturn.app/Saturn";
			};
			name = Release;
		};
		D526E5B71B418D880036F8EE /* Debug */ = {
			isa = XCBuildConfiguration;
			buildSettings = {
				ASSETCATALOG_COMPILER_APPICON_NAME = AppIcon;
				GCC_PREPROCESSOR_DEFINITIONS = (
					"DEBUG=1",
					"$(inherited)",
				);
				IBSC_MODULE = Saturn_WatchKit_Extension;
				INFOPLIST_FILE = "Saturn WatchKit App/Info.plist";
				IPHONEOS_DEPLOYMENT_TARGET = 8.2;
				PRODUCT_NAME = "$(TARGET_NAME)";
				SKIP_INSTALL = YES;
				TARGETED_DEVICE_FAMILY = 4;
				"TARGETED_DEVICE_FAMILY[sdk=iphonesimulator*]" = "1,4";
			};
			name = Debug;
		};
		D526E5B81B418D880036F8EE /* Release */ = {
			isa = XCBuildConfiguration;
			buildSettings = {
				ASSETCATALOG_COMPILER_APPICON_NAME = AppIcon;
				IBSC_MODULE = Saturn_WatchKit_Extension;
				INFOPLIST_FILE = "Saturn WatchKit App/Info.plist";
				IPHONEOS_DEPLOYMENT_TARGET = 8.2;
				PRODUCT_NAME = "$(TARGET_NAME)";
				SKIP_INSTALL = YES;
				TARGETED_DEVICE_FAMILY = 4;
				"TARGETED_DEVICE_FAMILY[sdk=iphonesimulator*]" = "1,4";
			};
			name = Release;
		};
		D526E5BA1B418D880036F8EE /* Debug */ = {
			isa = XCBuildConfiguration;
			buildSettings = {
				CODE_SIGN_IDENTITY = "iPhone Developer";
				"CODE_SIGN_IDENTITY[sdk=iphoneos*]" = "iPhone Developer";
				GCC_PREPROCESSOR_DEFINITIONS = (
					"DEBUG=1",
					"$(inherited)",
				);
				INFOPLIST_FILE = "Saturn WatchKit Extension/Info.plist";
				LD_RUNPATH_SEARCH_PATHS = "$(inherited) @executable_path/Frameworks @executable_path/../../Frameworks";
				PRODUCT_NAME = "${TARGET_NAME}";
				SKIP_INSTALL = YES;
			};
			name = Debug;
		};
		D526E5BB1B418D880036F8EE /* Release */ = {
			isa = XCBuildConfiguration;
			buildSettings = {
				CODE_SIGN_IDENTITY = "iPhone Developer";
				"CODE_SIGN_IDENTITY[sdk=iphoneos*]" = "iPhone Developer";
				INFOPLIST_FILE = "Saturn WatchKit Extension/Info.plist";
				LD_RUNPATH_SEARCH_PATHS = "$(inherited) @executable_path/Frameworks @executable_path/../../Frameworks";
				PRODUCT_NAME = "${TARGET_NAME}";
				SKIP_INSTALL = YES;
			};
			name = Release;
		};
/* End XCBuildConfiguration section */

/* Begin XCConfigurationList section */
		80FBFAE31B383F0B0050AD95 /* Build configuration list for PBXProject "Saturn" */ = {
			isa = XCConfigurationList;
			buildConfigurations = (
				80FBFB051B383F0B0050AD95 /* Debug */,
				80FBFB061B383F0B0050AD95 /* Release */,
			);
			defaultConfigurationIsVisible = 0;
			defaultConfigurationName = Release;
		};
		80FBFB071B383F0B0050AD95 /* Build configuration list for PBXNativeTarget "Saturn" */ = {
			isa = XCConfigurationList;
			buildConfigurations = (
				80FBFB081B383F0B0050AD95 /* Debug */,
				80FBFB091B383F0B0050AD95 /* Release */,
			);
			defaultConfigurationIsVisible = 0;
			defaultConfigurationName = Release;
		};
		80FBFB0A1B383F0C0050AD95 /* Build configuration list for PBXNativeTarget "SaturnTests" */ = {
			isa = XCConfigurationList;
			buildConfigurations = (
				80FBFB0B1B383F0C0050AD95 /* Debug */,
				80FBFB0C1B383F0C0050AD95 /* Release */,
			);
			defaultConfigurationIsVisible = 0;
			defaultConfigurationName = Release;
		};
		D526E5B61B418D880036F8EE /* Build configuration list for PBXNativeTarget "Saturn WatchKit App" */ = {
			isa = XCConfigurationList;
			buildConfigurations = (
				D526E5B71B418D880036F8EE /* Debug */,
				D526E5B81B418D880036F8EE /* Release */,
			);
			defaultConfigurationIsVisible = 0;
			defaultConfigurationName = Release;
		};
		D526E5B91B418D880036F8EE /* Build configuration list for PBXNativeTarget "Saturn WatchKit Extension" */ = {
			isa = XCConfigurationList;
			buildConfigurations = (
				D526E5BA1B418D880036F8EE /* Debug */,
				D526E5BB1B418D880036F8EE /* Release */,
			);
			defaultConfigurationIsVisible = 0;
			defaultConfigurationName = Release;
		};
/* End XCConfigurationList section */
	};
	rootObject = 80FBFAE01B383F0B0050AD95 /* Project object */;
}
